
Microsoft Visual Studio Solution File, Format Version 12.00
Project("{FAE04EC0-301F-11D3-BF4B-00C04F79EFBC}") = "WebApp", "WebApp\WebApp.csproj", "{30F8D9BA-C776-4CB0-8919-0F344F98F6A0}"
EndProject
Project("{FAE04EC0-301F-11D3-BF4B-00C04F79EFBC}") = "DAL.App.EF", "DAL.App.EF\DAL.App.EF.csproj", "{ED6C3461-C3D3-4543-86B1-219A66949921}"
EndProject
Project("{FAE04EC0-301F-11D3-BF4B-00C04F79EFBC}") = "Domain", "Domain\Domain.csproj", "{AD54807F-05D1-4D75-A34C-896012EAF531}"
EndProject
Project("{FAE04EC0-301F-11D3-BF4B-00C04F79EFBC}") = "Contracts.DAL.App", "Contracts.DAL.App\Contracts.DAL.App.csproj", "{D1E8243D-CC05-42B3-832D-CF4921F8170B}"
EndProject
Project("{FAE04EC0-301F-11D3-BF4B-00C04F79EFBC}") = "BLL.App", "BLL.App\BLL.App.csproj", "{0060BA0D-990F-4DBC-AB8F-44740105C989}"
EndProject
Project("{FAE04EC0-301F-11D3-BF4B-00C04F79EFBC}") = "BLL.App.DTO", "BLL.App.DTO\BLL.App.DTO.csproj", "{206E900B-DF07-4973-B679-7DF0B3C49E1C}"
EndProject
Project("{FAE04EC0-301F-11D3-BF4B-00C04F79EFBC}") = "Contracts.BLL.App", "Contracts.BLL.App\Contracts.BLL.App.csproj", "{AA2A3FD1-A095-4835-9CAA-8657B7CD76D0}"
EndProject
Project("{FAE04EC0-301F-11D3-BF4B-00C04F79EFBC}") = "BLL.Base", "BLL.Base\BLL.Base.csproj", "{AF66FEC8-A138-4D88-BBCB-2460343CE2E8}"
EndProject
Project("{FAE04EC0-301F-11D3-BF4B-00C04F79EFBC}") = "DAL.Base.EF", "DAL.Base.EF\DAL.Base.EF.csproj", "{2674101A-0CB3-4B5D-9BE1-87E727F34F72}"
EndProject
Project("{FAE04EC0-301F-11D3-BF4B-00C04F79EFBC}") = "Contracts.DAL.Base", "Contracts.DAL.Base\Contracts.DAL.Base.csproj", "{555B1BFA-3D74-496A-A9CA-43ECDD55B3CA}"
EndProject
Project("{FAE04EC0-301F-11D3-BF4B-00C04F79EFBC}") = "Contracts.Base", "Contracts.Base\Contracts.Base.csproj", "{4045F5FA-3712-47E8-9427-70678236D907}"
EndProject
Project("{FAE04EC0-301F-11D3-BF4B-00C04F79EFBC}") = "Contracts.BLL.Base", "Contracts.BLL.Base\Contracts.BLL.Base.csproj", "{1D9B6797-3C42-41D7-9D9E-4E56A2495C94}"
EndProject
Project("{FAE04EC0-301F-11D3-BF4B-00C04F79EFBC}") = "DAL.App.DTO", "DAL.App.DTO\DAL.App.DTO.csproj", "{D116B9D8-DF95-4813-B08D-F23A69E7CDF8}"
EndProject
Global
	GlobalSection(SolutionConfigurationPlatforms) = preSolution
		Debug|Any CPU = Debug|Any CPU
		Release|Any CPU = Release|Any CPU
	EndGlobalSection
	GlobalSection(ProjectConfigurationPlatforms) = postSolution
		{30F8D9BA-C776-4CB0-8919-0F344F98F6A0}.Debug|Any CPU.ActiveCfg = Debug|Any CPU
		{30F8D9BA-C776-4CB0-8919-0F344F98F6A0}.Debug|Any CPU.Build.0 = Debug|Any CPU
		{30F8D9BA-C776-4CB0-8919-0F344F98F6A0}.Release|Any CPU.ActiveCfg = Release|Any CPU
		{30F8D9BA-C776-4CB0-8919-0F344F98F6A0}.Release|Any CPU.Build.0 = Release|Any CPU
		{ED6C3461-C3D3-4543-86B1-219A66949921}.Debug|Any CPU.ActiveCfg = Debug|Any CPU
		{ED6C3461-C3D3-4543-86B1-219A66949921}.Debug|Any CPU.Build.0 = Debug|Any CPU
		{ED6C3461-C3D3-4543-86B1-219A66949921}.Release|Any CPU.ActiveCfg = Release|Any CPU
		{ED6C3461-C3D3-4543-86B1-219A66949921}.Release|Any CPU.Build.0 = Release|Any CPU
		{AD54807F-05D1-4D75-A34C-896012EAF531}.Debug|Any CPU.ActiveCfg = Debug|Any CPU
		{AD54807F-05D1-4D75-A34C-896012EAF531}.Debug|Any CPU.Build.0 = Debug|Any CPU
		{AD54807F-05D1-4D75-A34C-896012EAF531}.Release|Any CPU.ActiveCfg = Release|Any CPU
		{AD54807F-05D1-4D75-A34C-896012EAF531}.Release|Any CPU.Build.0 = Release|Any CPU
		{D1E8243D-CC05-42B3-832D-CF4921F8170B}.Debug|Any CPU.ActiveCfg = Debug|Any CPU
		{D1E8243D-CC05-42B3-832D-CF4921F8170B}.Debug|Any CPU.Build.0 = Debug|Any CPU
		{D1E8243D-CC05-42B3-832D-CF4921F8170B}.Release|Any CPU.ActiveCfg = Release|Any CPU
		{D1E8243D-CC05-42B3-832D-CF4921F8170B}.Release|Any CPU.Build.0 = Release|Any CPU
		{0060BA0D-990F-4DBC-AB8F-44740105C989}.Debug|Any CPU.ActiveCfg = Debug|Any CPU
		{0060BA0D-990F-4DBC-AB8F-44740105C989}.Debug|Any CPU.Build.0 = Debug|Any CPU
		{0060BA0D-990F-4DBC-AB8F-44740105C989}.Release|Any CPU.ActiveCfg = Release|Any CPU
		{0060BA0D-990F-4DBC-AB8F-44740105C989}.Release|Any CPU.Build.0 = Release|Any CPU
		{206E900B-DF07-4973-B679-7DF0B3C49E1C}.Debug|Any CPU.ActiveCfg = Debug|Any CPU
		{206E900B-DF07-4973-B679-7DF0B3C49E1C}.Debug|Any CPU.Build.0 = Debug|Any CPU
		{206E900B-DF07-4973-B679-7DF0B3C49E1C}.Release|Any CPU.ActiveCfg = Release|Any CPU
		{206E900B-DF07-4973-B679-7DF0B3C49E1C}.Release|Any CPU.Build.0 = Release|Any CPU
		{AA2A3FD1-A095-4835-9CAA-8657B7CD76D0}.Debug|Any CPU.ActiveCfg = Debug|Any CPU
		{AA2A3FD1-A095-4835-9CAA-8657B7CD76D0}.Debug|Any CPU.Build.0 = Debug|Any CPU
		{AA2A3FD1-A095-4835-9CAA-8657B7CD76D0}.Release|Any CPU.ActiveCfg = Release|Any CPU
		{AA2A3FD1-A095-4835-9CAA-8657B7CD76D0}.Release|Any CPU.Build.0 = Release|Any CPU
		{AF66FEC8-A138-4D88-BBCB-2460343CE2E8}.Debug|Any CPU.ActiveCfg = Debug|Any CPU
		{AF66FEC8-A138-4D88-BBCB-2460343CE2E8}.Debug|Any CPU.Build.0 = Debug|Any CPU
		{AF66FEC8-A138-4D88-BBCB-2460343CE2E8}.Release|Any CPU.ActiveCfg = Release|Any CPU
		{AF66FEC8-A138-4D88-BBCB-2460343CE2E8}.Release|Any CPU.Build.0 = Release|Any CPU
		{2674101A-0CB3-4B5D-9BE1-87E727F34F72}.Debug|Any CPU.ActiveCfg = Debug|Any CPU
		{2674101A-0CB3-4B5D-9BE1-87E727F34F72}.Debug|Any CPU.Build.0 = Debug|Any CPU
		{2674101A-0CB3-4B5D-9BE1-87E727F34F72}.Release|Any CPU.ActiveCfg = Release|Any CPU
		{2674101A-0CB3-4B5D-9BE1-87E727F34F72}.Release|Any CPU.Build.0 = Release|Any CPU
		{555B1BFA-3D74-496A-A9CA-43ECDD55B3CA}.Debug|Any CPU.ActiveCfg = Debug|Any CPU
		{555B1BFA-3D74-496A-A9CA-43ECDD55B3CA}.Debug|Any CPU.Build.0 = Debug|Any CPU
		{555B1BFA-3D74-496A-A9CA-43ECDD55B3CA}.Release|Any CPU.ActiveCfg = Release|Any CPU
		{555B1BFA-3D74-496A-A9CA-43ECDD55B3CA}.Release|Any CPU.Build.0 = Release|Any CPU
		{4045F5FA-3712-47E8-9427-70678236D907}.Debug|Any CPU.ActiveCfg = Debug|Any CPU
		{4045F5FA-3712-47E8-9427-70678236D907}.Debug|Any CPU.Build.0 = Debug|Any CPU
		{4045F5FA-3712-47E8-9427-70678236D907}.Release|Any CPU.ActiveCfg = Release|Any CPU
		{4045F5FA-3712-47E8-9427-70678236D907}.Release|Any CPU.Build.0 = Release|Any CPU
		{1D9B6797-3C42-41D7-9D9E-4E56A2495C94}.Debug|Any CPU.ActiveCfg = Debug|Any CPU
		{1D9B6797-3C42-41D7-9D9E-4E56A2495C94}.Debug|Any CPU.Build.0 = Debug|Any CPU
		{1D9B6797-3C42-41D7-9D9E-4E56A2495C94}.Release|Any CPU.ActiveCfg = Release|Any CPU
		{1D9B6797-3C42-41D7-9D9E-4E56A2495C94}.Release|Any CPU.Build.0 = Release|Any CPU
		{D116B9D8-DF95-4813-B08D-F23A69E7CDF8}.Debug|Any CPU.ActiveCfg = Debug|Any CPU
		{D116B9D8-DF95-4813-B08D-F23A69E7CDF8}.Debug|Any CPU.Build.0 = Debug|Any CPU
		{D116B9D8-DF95-4813-B08D-F23A69E7CDF8}.Release|Any CPU.ActiveCfg = Release|Any CPU
		{D116B9D8-DF95-4813-B08D-F23A69E7CDF8}.Release|Any CPU.Build.0 = Release|Any CPU
	EndGlobalSection
EndGlobal
